PODS:
  - ACKLocalization (1.1.2)
  - LicensePlist (2.16.0)
  - SwiftGen (6.3.0)
  - SwiftLint (0.40.3)

DEPENDENCIES:
  - ACKLocalization (~> 1.1)
  - LicensePlist (~> 2.14)
  - SwiftGen (~> 6.3)
  - SwiftLint (~> 0.27)

SPEC REPOS:
  trunk:
    - ACKLocalization
    - LicensePlist
    - SwiftGen
    - SwiftLint

SPEC CHECKSUMS:
  ACKLocalization: 534037e17a30d07d58808f764a1c6acce51b92be
  LicensePlist: 26afd3ef32fffcc649a15b31d96fef5eded65497
  SwiftGen: 3d5024a47ea79e408cded20763d7a17d18a4548c
  SwiftLint: dfd554ff0dff17288ee574814ccdd5cea85d76f7

PODFILE CHECKSUM: 9ae8e74cb99862bb465116bd13a44e988d7e66e2

COCOAPODS: 1.9.3
