PODS:
  - ACKLocalization (0.3.3)
  - Smartling.i18n (1.0.14)
  - SwiftGen (6.1.0)
  - SwiftLint (0.37.0)

DEPENDENCIES:
  - ACKLocalization (~> 0.3)
  - Smartling.i18n (~> 1.0)
  - SwiftGen (~> 6.0)
  - SwiftLint (~> 0.27)

SPEC REPOS:
  https://github.com/CocoaPods/Specs.git:
    - ACKLocalization
    - Smartling.i18n
    - SwiftGen
    - SwiftLint

SPEC CHECKSUMS:
  ACKLocalization: d24a1ba1a31ec153ba9ab2dca5a38d653863214e
  Smartling.i18n: 0d508b89a2a12f0e070e6369e4dcdcf46ae2d59f
  SwiftGen: f872ca75cbd17bf7103c17f13dcfa0d9a15667b0
  SwiftLint: c078a14d7d7ade75e5507795d185e3da41d844d2

PODFILE CHECKSUM: 1b067d4ca21da4b306a4e95403e42058732e4100

COCOAPODS: 1.7.1
