// !$*UTF8*$!
{
	archiveVersion = 1;
	classes = {
	};
	objectVersion = 56;
	objects = {

/* Begin PBXBuildFile section */
		695155382A647B4C00A5C43D /* nanopb.xcframework in Frameworks */ = {isa = PBXBuildFile; fileRef = 6951552A2A647B4C00A5C43D /* nanopb.xcframework */; };
		6951553A2A647B4C00A5C43D /* FirebaseABTesting.xcframework in Frameworks */ = {isa = PBXBuildFile; fileRef = 6951552B2A647B4C00A5C43D /* FirebaseABTesting.xcframework */; };
		6951553E2A647B4C00A5C43D /* FBLPromises.xcframework in Frameworks */ = {isa = PBXBuildFile; fileRef = 6951552D2A647B4C00A5C43D /* FBLPromises.xcframework */; };
		695155402A647B4C00A5C43D /* FirebaseAnalytics.xcframework in Frameworks */ = {isa = PBXBuildFile; fileRef = 6951552E2A647B4C00A5C43D /* FirebaseAnalytics.xcframework */; };
		695155422A647B4C00A5C43D /* FirebaseCoreInternal.xcframework in Frameworks */ = {isa = PBXBuildFile; fileRef = 6951552F2A647B4C00A5C43D /* FirebaseCoreInternal.xcframework */; };
		695155442A647B4C00A5C43D /* FirebaseSharedSwift.xcframework in Frameworks */ = {isa = PBXBuildFile; fileRef = 695155302A647B4C00A5C43D /* FirebaseSharedSwift.xcframework */; };
		695155482A647B4C00A5C43D /* GoogleAppMeasurementIdentitySupport.xcframework in Frameworks */ = {isa = PBXBuildFile; fileRef = 695155322A647B4C00A5C43D /* GoogleAppMeasurementIdentitySupport.xcframework */; };
		6951554A2A647B4C00A5C43D /* FirebaseInstallations.xcframework in Frameworks */ = {isa = PBXBuildFile; fileRef = 695155332A647B4C00A5C43D /* FirebaseInstallations.xcframework */; };
		6951554C2A647B4C00A5C43D /* GoogleAppMeasurement.xcframework in Frameworks */ = {isa = PBXBuildFile; fileRef = 695155342A647B4C00A5C43D /* GoogleAppMeasurement.xcframework */; };
		6951554E2A647B4C00A5C43D /* GoogleUtilities.xcframework in Frameworks */ = {isa = PBXBuildFile; fileRef = 695155352A647B4C00A5C43D /* GoogleUtilities.xcframework */; };
		695155502A647B4C00A5C43D /* FirebaseCore.xcframework in Frameworks */ = {isa = PBXBuildFile; fileRef = 695155362A647B4C00A5C43D /* FirebaseCore.xcframework */; };
		695155522A647B4C00A5C43D /* FirebaseRemoteConfig.xcframework in Frameworks */ = {isa = PBXBuildFile; fileRef = 695155372A647B4C00A5C43D /* FirebaseRemoteConfig.xcframework */; };
		69CFAD3C2A647A7100344512 /* FirebaseFetcher.swift in Sources */ = {isa = PBXBuildFile; fileRef = 69BE64AE2A64755D00B41993 /* FirebaseFetcher.swift */; };
/* End PBXBuildFile section */

/* Begin PBXFileReference section */
		6951552A2A647B4C00A5C43D /* nanopb.xcframework */ = {isa = PBXFileReference; lastKnownFileType = wrapper.xcframework; name = nanopb.xcframework; path = Carthage/Build/nanopb.xcframework; sourceTree = "<group>"; };
		6951552B2A647B4C00A5C43D /* FirebaseABTesting.xcframework */ = {isa = PBXFileReference; lastKnownFileType = wrapper.xcframework; name = FirebaseABTesting.xcframework; path = Carthage/Build/FirebaseABTesting.xcframework; sourceTree = "<group>"; };
		6951552C2A647B4C00A5C43D /* FirebaseRemoteConfigSwift.xcframework */ = {isa = PBXFileReference; lastKnownFileType = wrapper.xcframework; name = FirebaseRemoteConfigSwift.xcframework; path = Carthage/Build/FirebaseRemoteConfigSwift.xcframework; sourceTree = "<group>"; };
		6951552D2A647B4C00A5C43D /* FBLPromises.xcframework */ = {isa = PBXFileReference; lastKnownFileType = wrapper.xcframework; name = FBLPromises.xcframework; path = Carthage/Build/FBLPromises.xcframework; sourceTree = "<group>"; };
		6951552E2A647B4C00A5C43D /* FirebaseAnalytics.xcframework */ = {isa = PBXFileReference; lastKnownFileType = wrapper.xcframework; name = FirebaseAnalytics.xcframework; path = Carthage/Build/FirebaseAnalytics.xcframework; sourceTree = "<group>"; };
		6951552F2A647B4C00A5C43D /* FirebaseCoreInternal.xcframework */ = {isa = PBXFileReference; lastKnownFileType = wrapper.xcframework; name = FirebaseCoreInternal.xcframework; path = Carthage/Build/FirebaseCoreInternal.xcframework; sourceTree = "<group>"; };
		695155302A647B4C00A5C43D /* FirebaseSharedSwift.xcframework */ = {isa = PBXFileReference; lastKnownFileType = wrapper.xcframework; name = FirebaseSharedSwift.xcframework; path = Carthage/Build/FirebaseSharedSwift.xcframework; sourceTree = "<group>"; };
		695155312A647B4C00A5C43D /* FirebaseAnalyticsSwift.xcframework */ = {isa = PBXFileReference; lastKnownFileType = wrapper.xcframework; name = FirebaseAnalyticsSwift.xcframework; path = Carthage/Build/FirebaseAnalyticsSwift.xcframework; sourceTree = "<group>"; };
		695155322A647B4C00A5C43D /* GoogleAppMeasurementIdentitySupport.xcframework */ = {isa = PBXFileReference; lastKnownFileType = wrapper.xcframework; name = GoogleAppMeasurementIdentitySupport.xcframework; path = Carthage/Build/GoogleAppMeasurementIdentitySupport.xcframework; sourceTree = "<group>"; };
		695155332A647B4C00A5C43D /* FirebaseInstallations.xcframework */ = {isa = PBXFileReference; lastKnownFileType = wrapper.xcframework; name = FirebaseInstallations.xcframework; path = Carthage/Build/FirebaseInstallations.xcframework; sourceTree = "<group>"; };
		695155342A647B4C00A5C43D /* GoogleAppMeasurement.xcframework */ = {isa = PBXFileReference; lastKnownFileType = wrapper.xcframework; name = GoogleAppMeasurement.xcframework; path = Carthage/Build/GoogleAppMeasurement.xcframework; sourceTree = "<group>"; };
		695155352A647B4C00A5C43D /* GoogleUtilities.xcframework */ = {isa = PBXFileReference; lastKnownFileType = wrapper.xcframework; name = GoogleUtilities.xcframework; path = Carthage/Build/GoogleUtilities.xcframework; sourceTree = "<group>"; };
		695155362A647B4C00A5C43D /* FirebaseCore.xcframework */ = {isa = PBXFileReference; lastKnownFileType = wrapper.xcframework; name = FirebaseCore.xcframework; path = Carthage/Build/FirebaseCore.xcframework; sourceTree = "<group>"; };
		695155372A647B4C00A5C43D /* FirebaseRemoteConfig.xcframework */ = {isa = PBXFileReference; lastKnownFileType = wrapper.xcframework; name = FirebaseRemoteConfig.xcframework; path = Carthage/Build/FirebaseRemoteConfig.xcframework; sourceTree = "<group>"; };
		695155722A647C0000A5C43D /* Cartfile.resolved */ = {isa = PBXFileReference; fileEncoding = 4; lastKnownFileType = text; path = Cartfile.resolved; sourceTree = "<group>"; };
		69BE64AE2A64755D00B41993 /* FirebaseFetcher.swift */ = {isa = PBXFileReference; lastKnownFileType = sourcecode.swift; path = FirebaseFetcher.swift; sourceTree = "<group>"; };
		69CFAD352A647A6500344512 /* FirebaseFetcher.framework */ = {isa = PBXFileReference; explicitFileType = wrapper.framework; includeInIndex = 0; path = FirebaseFetcher.framework; sourceTree = BUILT_PRODUCTS_DIR; };
		69CFAD3D2A647A8800344512 /* Cartfile */ = {isa = PBXFileReference; lastKnownFileType = text; path = Cartfile; sourceTree = "<group>"; };
/* End PBXFileReference section */

/* Begin PBXFrameworksBuildPhase section */
		69CFAD322A647A6500344512 /* Frameworks */ = {
			isa = PBXFrameworksBuildPhase;
			buildActionMask = 2147483647;
			files = (
				695155402A647B4C00A5C43D /* FirebaseAnalytics.xcframework in Frameworks */,
				695155442A647B4C00A5C43D /* FirebaseSharedSwift.xcframework in Frameworks */,
				695155522A647B4C00A5C43D /* FirebaseRemoteConfig.xcframework in Frameworks */,
				6951553E2A647B4C00A5C43D /* FBLPromises.xcframework in Frameworks */,
				695155502A647B4C00A5C43D /* FirebaseCore.xcframework in Frameworks */,
				695155482A647B4C00A5C43D /* GoogleAppMeasurementIdentitySupport.xcframework in Frameworks */,
				695155422A647B4C00A5C43D /* FirebaseCoreInternal.xcframework in Frameworks */,
				6951554A2A647B4C00A5C43D /* FirebaseInstallations.xcframework in Frameworks */,
				6951554C2A647B4C00A5C43D /* GoogleAppMeasurement.xcframework in Frameworks */,
				6951553A2A647B4C00A5C43D /* FirebaseABTesting.xcframework in Frameworks */,
				695155382A647B4C00A5C43D /* nanopb.xcframework in Frameworks */,
				6951554E2A647B4C00A5C43D /* GoogleUtilities.xcframework in Frameworks */,
			);
			runOnlyForDeploymentPostprocessing = 0;
		};
/* End PBXFrameworksBuildPhase section */

/* Begin PBXGroup section */
		691C49952A647446000A0FAF = {
			isa = PBXGroup;
			children = (
				69BE648F2A64755D00B41993 /* Sources */,
				69BE64452A6474E200B41993 /* Products */,
				695155292A647B4C00A5C43D /* Frameworks */,
				69CFAD3D2A647A8800344512 /* Cartfile */,
				695155722A647C0000A5C43D /* Cartfile.resolved */,
			);
			sourceTree = "<group>";
		};
		695155292A647B4C00A5C43D /* Frameworks */ = {
			isa = PBXGroup;
			children = (
				6951552D2A647B4C00A5C43D /* FBLPromises.xcframework */,
				6951552B2A647B4C00A5C43D /* FirebaseABTesting.xcframework */,
				6951552E2A647B4C00A5C43D /* FirebaseAnalytics.xcframework */,
				695155312A647B4C00A5C43D /* FirebaseAnalyticsSwift.xcframework */,
				695155362A647B4C00A5C43D /* FirebaseCore.xcframework */,
				6951552F2A647B4C00A5C43D /* FirebaseCoreInternal.xcframework */,
				695155332A647B4C00A5C43D /* FirebaseInstallations.xcframework */,
				695155372A647B4C00A5C43D /* FirebaseRemoteConfig.xcframework */,
				6951552C2A647B4C00A5C43D /* FirebaseRemoteConfigSwift.xcframework */,
				695155302A647B4C00A5C43D /* FirebaseSharedSwift.xcframework */,
				695155342A647B4C00A5C43D /* GoogleAppMeasurement.xcframework */,
				695155322A647B4C00A5C43D /* GoogleAppMeasurementIdentitySupport.xcframework */,
				695155352A647B4C00A5C43D /* GoogleUtilities.xcframework */,
				6951552A2A647B4C00A5C43D /* nanopb.xcframework */,
			);
			name = Frameworks;
			sourceTree = "<group>";
		};
		69BE64452A6474E200B41993 /* Products */ = {
			isa = PBXGroup;
			children = (
				69CFAD352A647A6500344512 /* FirebaseFetcher.framework */,
			);
			name = Products;
			sourceTree = "<group>";
		};
		69BE648F2A64755D00B41993 /* Sources */ = {
			isa = PBXGroup;
			children = (
				69BE64AD2A64755D00B41993 /* FirebaseFetcher */,
			);
			path = Sources;
			sourceTree = "<group>";
		};
		69BE64AD2A64755D00B41993 /* FirebaseFetcher */ = {
			isa = PBXGroup;
			children = (
				69BE64AE2A64755D00B41993 /* FirebaseFetcher.swift */,
			);
			path = FirebaseFetcher;
			sourceTree = "<group>";
		};
/* End PBXGroup section */

/* Begin PBXHeadersBuildPhase section */
		69CFAD302A647A6500344512 /* Headers */ = {
			isa = PBXHeadersBuildPhase;
			buildActionMask = 2147483647;
			files = (
			);
			runOnlyForDeploymentPostprocessing = 0;
		};
/* End PBXHeadersBuildPhase section */

/* Begin PBXNativeTarget section */
		69CFAD342A647A6500344512 /* FirebaseFetcher */ = {
			isa = PBXNativeTarget;
			buildConfigurationList = 69CFAD3B2A647A6500344512 /* Build configuration list for PBXNativeTarget "FirebaseFetcher" */;
			buildPhases = (
				69CFAD302A647A6500344512 /* Headers */,
				69CFAD312A647A6500344512 /* Sources */,
				69CFAD322A647A6500344512 /* Frameworks */,
				69CFAD332A647A6500344512 /* Resources */,
			);
			buildRules = (
			);
			dependencies = (
			);
			name = FirebaseFetcher;
			productName = FirebaseFetcher;
			productReference = 69CFAD352A647A6500344512 /* FirebaseFetcher.framework */;
			productType = "com.apple.product-type.framework";
		};
/* End PBXNativeTarget section */

/* Begin PBXProject section */
		691C49962A647446000A0FAF /* Project object */ = {
			isa = PBXProject;
			attributes = {
				BuildIndependentTargetsInParallel = 1;
				LastSwiftUpdateCheck = 1500;
				LastUpgradeCheck = 1500;
				TargetAttributes = {
					69CFAD342A647A6500344512 = {
						CreatedOnToolsVersion = 15.0;
					};
				};
			};
			buildConfigurationList = 691C49992A647446000A0FAF /* Build configuration list for PBXProject "AckeeTemplate" */;
			compatibilityVersion = "Xcode 14.0";
			developmentRegion = en;
			hasScannedForEncodings = 0;
			knownRegions = (
				en,
				Base,
			);
			mainGroup = 691C49952A647446000A0FAF;
			productRefGroup = 69BE64452A6474E200B41993 /* Products */;
			projectDirPath = "";
			projectRoot = "";
			targets = (
				69CFAD342A647A6500344512 /* FirebaseFetcher */,
			);
		};
/* End PBXProject section */

/* Begin PBXResourcesBuildPhase section */
		69CFAD332A647A6500344512 /* Resources */ = {
			isa = PBXResourcesBuildPhase;
			buildActionMask = 2147483647;
			files = (
			);
			runOnlyForDeploymentPostprocessing = 0;
		};
/* End PBXResourcesBuildPhase section */

/* Begin PBXSourcesBuildPhase section */
		69CFAD312A647A6500344512 /* Sources */ = {
			isa = PBXSourcesBuildPhase;
			buildActionMask = 2147483647;
			files = (
				69CFAD3C2A647A7100344512 /* FirebaseFetcher.swift in Sources */,
			);
			runOnlyForDeploymentPostprocessing = 0;
		};
/* End PBXSourcesBuildPhase section */

/* Begin XCBuildConfiguration section */
		691C499A2A647446000A0FAF /* Debug */ = {
			isa = XCBuildConfiguration;
			buildSettings = {
				IPHONEOS_DEPLOYMENT_TARGET = 13.0;
				MACOSX_DEPLOYMENT_TARGET = 10.15;
				MARKETING_VERSION = 1.1.0;
				OTHER_LDFLAGS = "-ObjC";
				TVOS_DEPLOYMENT_TARGET = 13.0;
				WATCHOS_DEPLOYMENT_TARGET = 6.0;
			};
			name = Debug;
		};
		691C499B2A647446000A0FAF /* Release */ = {
			isa = XCBuildConfiguration;
			buildSettings = {
				IPHONEOS_DEPLOYMENT_TARGET = 13.0;
				MACOSX_DEPLOYMENT_TARGET = 10.15;
				MARKETING_VERSION = 1.1.0;
				OTHER_LDFLAGS = "-ObjC";
				TVOS_DEPLOYMENT_TARGET = 13.0;
				WATCHOS_DEPLOYMENT_TARGET = 6.0;
			};
			name = Release;
		};
		69CFAD392A647A6500344512 /* Debug */ = {
			isa = XCBuildConfiguration;
			buildSettings = {
				ALWAYS_SEARCH_USER_PATHS = NO;
				ASSETCATALOG_COMPILER_GENERATE_SWIFT_ASSET_SYMBOL_EXTENSIONS = YES;
				CLANG_ANALYZER_NONNULL = YES;
				CLANG_ANALYZER_NUMBER_OBJECT_CONVERSION = YES_AGGRESSIVE;
				CLANG_CXX_LANGUAGE_STANDARD = "gnu++20";
				CLANG_ENABLE_MODULES = YES;
				CLANG_ENABLE_OBJC_ARC = YES;
				CLANG_ENABLE_OBJC_WEAK = YES;
				CLANG_WARN_BLOCK_CAPTURE_AUTORELEASING = YES;
				CLANG_WARN_BOOL_CONVERSION = YES;
				CLANG_WARN_COMMA = YES;
				CLANG_WARN_CONSTANT_CONVERSION = YES;
				CLANG_WARN_DEPRECATED_OBJC_IMPLEMENTATIONS = YES;
				CLANG_WARN_DIRECT_OBJC_ISA_USAGE = YES_ERROR;
				CLANG_WARN_DOCUMENTATION_COMMENTS = YES;
				CLANG_WARN_EMPTY_BODY = YES;
				CLANG_WARN_ENUM_CONVERSION = YES;
				CLANG_WARN_INFINITE_RECURSION = YES;
				CLANG_WARN_INT_CONVERSION = YES;
				CLANG_WARN_NON_LITERAL_NULL_CONVERSION = YES;
				CLANG_WARN_OBJC_IMPLICIT_RETAIN_SELF = YES;
				CLANG_WARN_OBJC_LITERAL_CONVERSION = YES;
				CLANG_WARN_OBJC_ROOT_CLASS = YES_ERROR;
				CLANG_WARN_QUOTED_INCLUDE_IN_FRAMEWORK_HEADER = YES;
				CLANG_WARN_RANGE_LOOP_ANALYSIS = YES;
				CLANG_WARN_STRICT_PROTOTYPES = YES;
				CLANG_WARN_SUSPICIOUS_MOVE = YES;
				CLANG_WARN_UNGUARDED_AVAILABILITY = YES_AGGRESSIVE;
				CLANG_WARN_UNREACHABLE_CODE = YES;
				CLANG_WARN__DUPLICATE_METHOD_MATCH = YES;
				CODE_SIGN_STYLE = Automatic;
				COPY_PHASE_STRIP = NO;
				CURRENT_PROJECT_VERSION = 1;
				DEBUG_INFORMATION_FORMAT = dwarf;
				DEFINES_MODULE = YES;
				DYLIB_COMPATIBILITY_VERSION = 1;
				DYLIB_CURRENT_VERSION = 1;
				DYLIB_INSTALL_NAME_BASE = "@rpath";
				ENABLE_MODULE_VERIFIER = YES;
				ENABLE_STRICT_OBJC_MSGSEND = YES;
				ENABLE_TESTABILITY = YES;
				ENABLE_USER_SCRIPT_SANDBOXING = YES;
				GCC_C_LANGUAGE_STANDARD = gnu17;
				GCC_DYNAMIC_NO_PIC = NO;
				GCC_NO_COMMON_BLOCKS = YES;
				GCC_OPTIMIZATION_LEVEL = 0;
				GCC_PREPROCESSOR_DEFINITIONS = (
					"DEBUG=1",
					"$(inherited)",
				);
				GCC_WARN_64_TO_32_BIT_CONVERSION = YES;
				GCC_WARN_ABOUT_RETURN_TYPE = YES_ERROR;
				GCC_WARN_UNDECLARED_SELECTOR = YES;
				GCC_WARN_UNINITIALIZED_AUTOS = YES_AGGRESSIVE;
				GCC_WARN_UNUSED_FUNCTION = YES;
				GCC_WARN_UNUSED_VARIABLE = YES;
				GENERATE_INFOPLIST_FILE = YES;
				INFOPLIST_KEY_NSHumanReadableCopyright = "";
				INSTALL_PATH = "$(LOCAL_LIBRARY_DIR)/Frameworks";
				LD_RUNPATH_SEARCH_PATHS = (
					"$(inherited)",
					"@executable_path/Frameworks",
					"@loader_path/Frameworks",
				);
				LOCALIZATION_PREFERS_STRING_CATALOGS = YES;
				MODULE_VERIFIER_SUPPORTED_LANGUAGES = "objective-c objective-c++";
				MODULE_VERIFIER_SUPPORTED_LANGUAGE_STANDARDS = "gnu17 gnu++20";
				MTL_ENABLE_DEBUG_INFO = INCLUDE_SOURCE;
				MTL_FAST_MATH = YES;
				ONLY_ACTIVE_ARCH = YES;
				PRODUCT_BUNDLE_IDENTIFIER = cz.ackee.FirebaseFetcher;
				PRODUCT_NAME = "$(TARGET_NAME:c99extidentifier)";
				SDKROOT = iphoneos;
				SKIP_INSTALL = YES;
				SUPPORTED_PLATFORMS = "appletvos appletvsimulator iphoneos iphonesimulator";
				SUPPORTS_MACCATALYST = YES;
				SUPPORTS_XR_DESIGNED_FOR_IPHONE_IPAD = NO;
				SWIFT_ACTIVE_COMPILATION_CONDITIONS = "DEBUG $(inherited)";
				SWIFT_EMIT_LOC_STRINGS = YES;
				SWIFT_OPTIMIZATION_LEVEL = "-Onone";
				SWIFT_VERSION = 5.0;
				TARGETED_DEVICE_FAMILY = "1,2,3";
				VERSIONING_SYSTEM = "apple-generic";
				VERSION_INFO_PREFIX = "";
			};
			name = Debug;
		};
		69CFAD3A2A647A6500344512 /* Release */ = {
			isa = XCBuildConfiguration;
			buildSettings = {
				ALWAYS_SEARCH_USER_PATHS = NO;
				ASSETCATALOG_COMPILER_GENERATE_SWIFT_ASSET_SYMBOL_EXTENSIONS = YES;
				CLANG_ANALYZER_NONNULL = YES;
				CLANG_ANALYZER_NUMBER_OBJECT_CONVERSION = YES_AGGRESSIVE;
				CLANG_CXX_LANGUAGE_STANDARD = "gnu++20";
				CLANG_ENABLE_MODULES = YES;
				CLANG_ENABLE_OBJC_ARC = YES;
				CLANG_ENABLE_OBJC_WEAK = YES;
				CLANG_WARN_BLOCK_CAPTURE_AUTORELEASING = YES;
				CLANG_WARN_BOOL_CONVERSION = YES;
				CLANG_WARN_COMMA = YES;
				CLANG_WARN_CONSTANT_CONVERSION = YES;
				CLANG_WARN_DEPRECATED_OBJC_IMPLEMENTATIONS = YES;
				CLANG_WARN_DIRECT_OBJC_ISA_USAGE = YES_ERROR;
				CLANG_WARN_DOCUMENTATION_COMMENTS = YES;
				CLANG_WARN_EMPTY_BODY = YES;
				CLANG_WARN_ENUM_CONVERSION = YES;
				CLANG_WARN_INFINITE_RECURSION = YES;
				CLANG_WARN_INT_CONVERSION = YES;
				CLANG_WARN_NON_LITERAL_NULL_CONVERSION = YES;
				CLANG_WARN_OBJC_IMPLICIT_RETAIN_SELF = YES;
				CLANG_WARN_OBJC_LITERAL_CONVERSION = YES;
				CLANG_WARN_OBJC_ROOT_CLASS = YES_ERROR;
				CLANG_WARN_QUOTED_INCLUDE_IN_FRAMEWORK_HEADER = YES;
				CLANG_WARN_RANGE_LOOP_ANALYSIS = YES;
				CLANG_WARN_STRICT_PROTOTYPES = YES;
				CLANG_WARN_SUSPICIOUS_MOVE = YES;
				CLANG_WARN_UNGUARDED_AVAILABILITY = YES_AGGRESSIVE;
				CLANG_WARN_UNREACHABLE_CODE = YES;
				CLANG_WARN__DUPLICATE_METHOD_MATCH = YES;
				CODE_SIGN_STYLE = Automatic;
				COPY_PHASE_STRIP = NO;
				CURRENT_PROJECT_VERSION = 1;
				DEBUG_INFORMATION_FORMAT = "dwarf-with-dsym";
				DEFINES_MODULE = YES;
				DYLIB_COMPATIBILITY_VERSION = 1;
				DYLIB_CURRENT_VERSION = 1;
				DYLIB_INSTALL_NAME_BASE = "@rpath";
				ENABLE_MODULE_VERIFIER = YES;
				ENABLE_NS_ASSERTIONS = NO;
				ENABLE_STRICT_OBJC_MSGSEND = YES;
				ENABLE_USER_SCRIPT_SANDBOXING = YES;
				GCC_C_LANGUAGE_STANDARD = gnu17;
				GCC_NO_COMMON_BLOCKS = YES;
				GCC_WARN_64_TO_32_BIT_CONVERSION = YES;
				GCC_WARN_ABOUT_RETURN_TYPE = YES_ERROR;
				GCC_WARN_UNDECLARED_SELECTOR = YES;
				GCC_WARN_UNINITIALIZED_AUTOS = YES_AGGRESSIVE;
				GCC_WARN_UNUSED_FUNCTION = YES;
				GCC_WARN_UNUSED_VARIABLE = YES;
				GENERATE_INFOPLIST_FILE = YES;
				INFOPLIST_KEY_NSHumanReadableCopyright = "";
				INSTALL_PATH = "$(LOCAL_LIBRARY_DIR)/Frameworks";
				LD_RUNPATH_SEARCH_PATHS = (
					"$(inherited)",
					"@executable_path/Frameworks",
					"@loader_path/Frameworks",
				);
				LOCALIZATION_PREFERS_STRING_CATALOGS = YES;
				MODULE_VERIFIER_SUPPORTED_LANGUAGES = "objective-c objective-c++";
				MODULE_VERIFIER_SUPPORTED_LANGUAGE_STANDARDS = "gnu17 gnu++20";
				MTL_ENABLE_DEBUG_INFO = NO;
				MTL_FAST_MATH = YES;
				PRODUCT_BUNDLE_IDENTIFIER = cz.ackee.FirebaseFetcher;
				PRODUCT_NAME = "$(TARGET_NAME:c99extidentifier)";
				SDKROOT = iphoneos;
				SKIP_INSTALL = YES;
				SUPPORTED_PLATFORMS = "appletvos appletvsimulator iphoneos iphonesimulator";
				SUPPORTS_MACCATALYST = YES;
				SUPPORTS_XR_DESIGNED_FOR_IPHONE_IPAD = NO;
				SWIFT_COMPILATION_MODE = wholemodule;
				SWIFT_EMIT_LOC_STRINGS = YES;
				SWIFT_VERSION = 5.0;
				TARGETED_DEVICE_FAMILY = "1,2,3";
				VALIDATE_PRODUCT = YES;
				VERSIONING_SYSTEM = "apple-generic";
				VERSION_INFO_PREFIX = "";
			};
			name = Release;
		};
/* End XCBuildConfiguration section */

/* Begin XCConfigurationList section */
		691C49992A647446000A0FAF /* Build configuration list for PBXProject "AckeeTemplate" */ = {
			isa = XCConfigurationList;
			buildConfigurations = (
				691C499A2A647446000A0FAF /* Debug */,
				691C499B2A647446000A0FAF /* Release */,
			);
			defaultConfigurationIsVisible = 0;
			defaultConfigurationName = Release;
		};
		69CFAD3B2A647A6500344512 /* Build configuration list for PBXNativeTarget "FirebaseFetcher" */ = {
			isa = XCConfigurationList;
			buildConfigurations = (
				69CFAD392A647A6500344512 /* Debug */,
				69CFAD3A2A647A6500344512 /* Release */,
			);
			defaultConfigurationIsVisible = 0;
			defaultConfigurationName = Release;
		};
/* End XCConfigurationList section */
	};
	rootObject = 691C49962A647446000A0FAF /* Project object */;
}
